# THIS IS AN AUTOGENERATED FILE. DO NOT EDIT THIS FILE DIRECTLY.
# yarn lockfile v1


mri@^1.1.5:
  version "1.1.5"
  resolved "https://registry.yarnpkg.com/mri/-/mri-1.1.5.tgz#ce21dba2c69f74a9b7cf8a1ec62307e089e223e0"
  integrity sha512-d2RKzMD4JNyHMbnbWnznPaa8vbdlq/4pNZ3IgdaGrVbBhebBsGUUE/6qorTMYNS6TwuH3ilfOlD2bf4Igh8CKg==

os-paths@^4.0.1:
  version "4.2.0"
  resolved "https://registry.yarnpkg.com/os-paths/-/os-paths-4.2.0.tgz#9fc5209d76c5859e581e30832d5287341df01059"
  integrity sha512-EH766lvboIFLggwsdUxyCnNJLGRvG4v58Om37WYK9rCUMk1FP6DoMSqOlsrcs0oibgmpsSQ6+TJHJ9VQI6qCIg==

xdg-app-paths@^5.2.0:
  version "5.2.0"
  resolved "https://registry.yarnpkg.com/xdg-app-paths/-/xdg-app-paths-5.2.0.tgz#927d8450dd8205eec1bf6138061c189d15ba228a"
  integrity sha512-vYCEfYoRTXx6NqM9HDSKb0QDx6ag+gP4T4XK6KsObbQskmOmjOH3vEoEhTW1IEhjJ/KnnQKnqx4bDkWLY8ZSNA==
  dependencies:
    os-paths "^4.0.1"
    xdg-portable "^7.2.0"

xdg-portable@^7.2.0:
  version "7.2.1"
  resolved "https://registry.yarnpkg.com/xdg-portable/-/xdg-portable-7.2.1.tgz#4301ba0868b2cbc9de0c53b3699906adcc9d2560"
  integrity sha512-cei7jiJbpiH+d5qqAcxVxTPNDolJQzwOZa64NYykO9XotK99q1x8NXaMJe4D08q7bigz003mKDSVTfH4lLiZKw==
  dependencies:
    os-paths "^4.0.1"
